
Microsoft Visual Studio Solution File, Format Version 12.00
# Visual Studio Version 16
VisualStudioVersion = 16.0.31729.503
MinimumVisualStudioVersion = 10.0.40219.1
Project("{FAE04EC0-301F-11D3-BF4B-00C04F79EFBC}") = "LaunchpadApp", "LaunchpadApp\LaunchpadApp.csproj", "{5371DC55-8477-4FAA-938F-44ADA4264511}"
EndProject
Global
	GlobalSection(SolutionConfigurationPlatforms) = preSolution
		Debug|Any CPU = Debug|Any CPU
		Release|Any CPU = Release|Any CPU
	EndGlobalSection
	GlobalSection(ProjectConfigurationPlatforms) = postSolution
		{5371DC55-8477-4FAA-938F-44ADA4264511}.Debug|Any CPU.ActiveCfg = Debug|Any CPU
		{5371DC55-8477-4FAA-938F-44ADA4264511}.Debug|Any CPU.Build.0 = Debug|Any CPU
		{5371DC55-8477-4FAA-938F-44ADA4264511}.Release|Any CPU.ActiveCfg = Release|Any CPU
		{5371DC55-8477-4FAA-938F-44ADA4264511}.Release|Any CPU.Build.0 = Release|Any CPU
	EndGlobalSection
	GlobalSection(SolutionProperties) = preSolution
		HideSolutionNode = FALSE
	EndGlobalSection
	GlobalSection(ExtensibilityGlobals) = postSolution
		SolutionGuid = {6535F4C9-7F72-47B3-BBD2-09197A6703AA}
	EndGlobalSection
EndGlobal
